
Microsoft Visual Studio Solution File, Format Version 12.00
# Visual Studio Version 17
VisualStudioVersion = 17.5.002.0
MinimumVisualStudioVersion = 10.0.40219.1
Project("{2150E333-8FDC-42A3-9474-1A3956D46DE8}") = "ProSoft", "ProSoft", "{A3C9E6C5-5AD3-4E50-AAF0-8F3529893E6C}"
EndProject
Project("{9A19103F-16F7-4668-BE54-9A1E7A4F7556}") = "EasySave", "ProSoft\EasySave\EasySave.csproj", "{DC2F683A-2594-46E1-93D0-979D61C8EF3F}"
EndProject
Global
	GlobalSection(SolutionConfigurationPlatforms) = preSolution
		Debug|Any CPU = Debug|Any CPU
		Release|Any CPU = Release|Any CPU
	EndGlobalSection
	GlobalSection(ProjectConfigurationPlatforms) = postSolution
		{DC2F683A-2594-46E1-93D0-979D61C8EF3F}.Debug|Any CPU.ActiveCfg = Debug|Any CPU
		{DC2F683A-2594-46E1-93D0-979D61C8EF3F}.Debug|Any CPU.Build.0 = Debug|Any CPU
		{DC2F683A-2594-46E1-93D0-979D61C8EF3F}.Release|Any CPU.ActiveCfg = Release|Any CPU
		{DC2F683A-2594-46E1-93D0-979D61C8EF3F}.Release|Any CPU.Build.0 = Release|Any CPU
	EndGlobalSection
	GlobalSection(SolutionProperties) = preSolution
		HideSolutionNode = FALSE
	EndGlobalSection
	GlobalSection(NestedProjects) = preSolution
		{DC2F683A-2594-46E1-93D0-979D61C8EF3F} = {A3C9E6C5-5AD3-4E50-AAF0-8F3529893E6C}
	EndGlobalSection
	GlobalSection(ExtensibilityGlobals) = postSolution
		SolutionGuid = {9FE74F1D-7EE7-44D1-9BFE-2E10D1E78D92}
	EndGlobalSection
EndGlobal
